
Microsoft Visual Studio Solution File, Format Version 12.00
# Visual Studio Version 17
VisualStudioVersion = 17.11.35327.3
MinimumVisualStudioVersion = 10.0.40219.1
Project("{FAE04EC0-301F-11D3-BF4B-00C04F79EFBC}") = "OPP gyak", "OPP gyak.csproj", "{79112B40-506C-4BC2-8AA9-7FF6008605E7}"
EndProject
Project("{2150E333-8FDC-42A3-9474-1A3956D46DE8}") = "Solution Items", "Solution Items", "{0BC208F5-CA4B-4D56-8786-A9D6D8D3F517}"
	ProjectSection(SolutionItems) = preProject
		.gitignore = .gitignore
	EndProjectSection
EndProject
Global
	GlobalSection(SolutionConfigurationPlatforms) = preSolution
		Debug|Any CPU = Debug|Any CPU
		Release|Any CPU = Release|Any CPU
	EndGlobalSection
	GlobalSection(ProjectConfigurationPlatforms) = postSolution
		{79112B40-506C-4BC2-8AA9-7FF6008605E7}.Debug|Any CPU.ActiveCfg = Debug|Any CPU
		{79112B40-506C-4BC2-8AA9-7FF6008605E7}.Debug|Any CPU.Build.0 = Debug|Any CPU
		{79112B40-506C-4BC2-8AA9-7FF6008605E7}.Release|Any CPU.ActiveCfg = Release|Any CPU
		{79112B40-506C-4BC2-8AA9-7FF6008605E7}.Release|Any CPU.Build.0 = Release|Any CPU
	EndGlobalSection
	GlobalSection(SolutionProperties) = preSolution
		HideSolutionNode = FALSE
	EndGlobalSection
	GlobalSection(ExtensibilityGlobals) = postSolution
		SolutionGuid = {514FAE1F-1768-409D-81F8-70A0E74714C0}
	EndGlobalSection
EndGlobal
